{
    "_meta": {
        "hash": {
            "sha256": "a768df1a1a70b344c6117bb76c6b2cdedbb75b32714fc34904f8e9d98c9c0288"
        },
        "pipfile-spec": 6,
        "requires": {
            "python_version": "3.10"
        },
        "sources": [
            {
                "name": "pypi",
                "url": "https://pypi.org/simple",
                "verify_ssl": true
            }
        ]
    },
    "default": {
        "asgiref": {
            "hashes": [
                "sha256:1d2880b792ae8757289136f1db2b7b99100ce959b2aa57fd69dab783d05afac4",
                "sha256:4a29362a6acebe09bf1d6640db38c1dc3d9217c68e6f9f6204d72667fc19a424"
            ],
            "markers": "python_version >= '3.7'",
            "version": "==3.5.2"
        },
        "django": {
            "hashes": [
                "sha256:678bbfc8604eb246ed54e2063f0765f13b321a50526bdc8cb1f943eda7fa31f1",
                "sha256:6b1de6886cae14c7c44d188f580f8ba8da05750f544c80ae5ad43375ab293cd5"
            ],
            "index": "pypi",
            "version": "==4.1.3"
        },
        "django-taggit": {
            "hashes": [
                "sha256:ca2df20399a11321db75988404afb640a08eff61e52bde35f6c16f307004ec9e",
                "sha256:e645b8e3dd4f85989d5ef5c5a3d5ebbe5badf5d1e51b53e42d0af726240b00b9"
            ],
            "index": "pypi",
            "version": "==3.0.0"
        },
        "djangorestframework": {
            "hashes": [
                "sha256:579a333e6256b09489cbe0a067e66abe55c6595d8926be6b99423786334350c8",
                "sha256:eb63f58c9f218e1a7d064d17a70751f528ed4e1d35547fdade9aaf4cd103fd08"
            ],
            "index": "pypi",
            "version": "==3.14.0"
        },
        "djangorestframework-simplejwt": {
            "hashes": [
                "sha256:4c0d2e2513e12587d93501ac091781684a216c3ee614eb3b5a10586aef5ca845",
                "sha256:d27d4bcac2c6394f678dea8b4d0d511c6e18a7f2eb8aaeeb8a7de601aeb77c42"
            ],
            "index": "pypi",
            "version": "==5.2.2"
        },
        "pyjwt": {
            "hashes": [
                "sha256:69285c7e31fc44f68a1feb309e948e0df53259d579295e6cfe2b1792329f05fd",
                "sha256:d83c3d892a77bbb74d3e1a2cfa90afaadb60945205d1095d9221f04466f64c14"
            ],
            "markers": "python_version >= '3.7'",
            "version": "==2.6.0"
        },
        "pytz": {
            "hashes": [
                "sha256:222439474e9c98fced559f1709d89e6c9cbf8d79c794ff3eb9f8800064291427",
                "sha256:e89512406b793ca39f5971bc999cc538ce125c0e51c27941bef4568b460095e2"
            ],
            "version": "==2022.6"
        },
        "sqlparse": {
            "hashes": [
                "sha256:0323c0ec29cd52bceabc1b4d9d579e311f3e4961b98d174201d5622a23b85e34",
                "sha256:69ca804846bb114d2ec380e4360a8a340db83f0ccf3afceeb1404df028f57268"
            ],
            "markers": "python_version >= '3.5'",
            "version": "==0.4.3"
        }
    },
    "develop": {
        "asgiref": {
            "hashes": [
                "sha256:1d2880b792ae8757289136f1db2b7b99100ce959b2aa57fd69dab783d05afac4",
                "sha256:4a29362a6acebe09bf1d6640db38c1dc3d9217c68e6f9f6204d72667fc19a424"
            ],
            "markers": "python_version >= '3.7'",
            "version": "==3.5.2"
        },
        "django": {
            "hashes": [
                "sha256:678bbfc8604eb246ed54e2063f0765f13b321a50526bdc8cb1f943eda7fa31f1",
                "sha256:6b1de6886cae14c7c44d188f580f8ba8da05750f544c80ae5ad43375ab293cd5"
            ],
            "index": "pypi",
            "version": "==4.1.3"
        },
        "django-appconf": {
            "hashes": [
                "sha256:ae9f864ee1958c815a965ed63b3fba4874eec13de10236ba063a788f9a17389d",
                "sha256:be3db0be6c81fa84742000b89a81c016d70ae66a7ccb620cdef592b1f1a6aaa4"
            ],
            "markers": "python_version >= '3.6'",
            "version": "==1.0.5"
        },
        "django-compressor": {
            "hashes": [
                "sha256:61f313852b4c8d4ef2534cda3d2366f45ca3e399b3cbe10590e516cc6b45542d",
                "sha256:8ece621d2a98f6c6635480cb8b3701db890a99f793f95ca20cb00abc194d331d"
            ],
            "index": "pypi",
            "version": "==4.1"
        },
        "django-sass-processor": {
            "hashes": [
                "sha256:d5e2970228ec9648da83d083a2b468fa682bef80357d0bab8e3f6c6df301681e",
                "sha256:f6098c181cc95a21593df6bb502791e32015615222803de216fdcc8bb42c0f77"
            ],
            "index": "pypi",
            "version": "==1.2.2"
        },
        "libsass": {
            "hashes": [
                "sha256:081e256ab3c5f3f09c7b8dea3bf3bf5e64a97c6995fd9eea880639b3f93a9f9a",
                "sha256:3ab5ad18e47db560f4f0c09e3d28cf3bb1a44711257488ac2adad69f4f7f8425",
                "sha256:65455a2728b696b62100eb5932604aa13a29f4ac9a305d95773c14aaa7200aaf",
                "sha256:89c5ce497fcf3aba1dd1b19aae93b99f68257e5f2026b731b00a872f13324c7f",
                "sha256:f1efc1b612299c88aec9e39d6ca0c266d360daa5b19d9430bdeaffffa86993f9"
            ],
            "index": "pypi",
            "version": "==0.22.0"
        },
        "rcssmin": {
            "hashes": [
                "sha256:0a6aae7e119509445bf7aa6da6ca0f285cc198273c20f470ad999ff83bbadcf9",
                "sha256:1512223b6a687bb747e4e531187bd49a56ed71287e7ead9529cbaa1ca4718a0a",
                "sha256:1d7c2719d014e4e4df4e33b75ae8067c7e246cf470eaec8585e06e2efac7586c",
                "sha256:2211a5c91ea14a5937b57904c9121f8bfef20987825e55368143da7d25446e3b",
                "sha256:27fc400627fd3d328b7fe95af2a01f5d0af6b5af39731af5d071826a1f08e362",
                "sha256:30f5522285065cae0164d20068377d84b5d10b414156115f8729b034d0ea5e8b",
                "sha256:32ccaebbbd4d56eab08cf26aed36f5d33389b9d1d3ca1fecf53eb6ab77760ddf",
                "sha256:352dd3a78eb914bb1cb269ac2b66b3154f2490a52ab605558c681de3fb5194d2",
                "sha256:37f1242e34ca273ed2c26cf778854e18dd11b31c6bfca60e23fce146c84667c1",
                "sha256:49807735f26f59404194f1e6f93254b6d5b6f7748c2a954f4470a86a40ff4c13",
                "sha256:506e33ab4c47051f7deae35b6d8dbb4a5c025f016e90a830929a1ecc7daa1682",
                "sha256:6158d0d86cd611c5304d738dc3d6cfeb23864dd78ad0d83a633f443696ac5d77",
                "sha256:7085d1b51dd2556f3aae03947380f6e9e1da29fb1eeadfa6766b7f105c54c9ff",
                "sha256:7c44002b79f3656348196005b9522ec5e04f182b466f66d72b16be0bd03c13d8",
                "sha256:7da63fee37edf204bbd86785edb4d7491642adbfd1d36fd230b7ccbbd8db1a6f",
                "sha256:8b659a88850e772c84cfac4520ec223de6807875e173d8ef3248ab7f90876066",
                "sha256:c28b9eb20982b45ebe6adef8bd2547e5ed314dafddfff4eba806b0f8c166cfd1",
                "sha256:ddff3a41611664c7f1d9e3d8a9c1669e0e155ac0458e586ffa834dc5953e7d9f",
                "sha256:f1a37bbd36b050813673e62ae6464467548628690bf4d48a938170e121e8616e",
                "sha256:f31c82d06ba2dbf33c20db9550157e80bb0c4cbd24575c098f0831d1d2e3c5df"
            ],
            "version": "==1.1.0"
        },
        "rjsmin": {
            "hashes": [
                "sha256:05efa485dfddb6418e3b86d8862463aa15641a61f6ae05e7e6de8f116ee77c69",
                "sha256:1622fbb6c6a8daaf77da13cc83356539bfe79c1440f9664b02c7f7b150b9a18e",
                "sha256:1c93b29fd725e61718299ffe57de93ff32d71b313eaabbfcc7bd32ddb82831d5",
                "sha256:2ed83aca637186bafdc894b4b7fc3657e2d74014ccca7d3d69122c1e82675216",
                "sha256:38a4474ed52e1575fb9da983ec8657faecd8ab3738508d36e04f87769411fd3d",
                "sha256:3b14f4c2933ec194eb816b71a0854ce461b6419a3d852bf360344731ab28c0a6",
                "sha256:40e7211a25d9a11ac9ff50446e41268c978555676828af86fa1866615823bfff",
                "sha256:41c7c3910f7b8816e37366b293e576ddecf696c5f2197d53cf2c1526ac336646",
                "sha256:4387a00777faddf853eebdece9f2e56ebaf243c3f24676a9de6a20c5d4f3d731",
                "sha256:54fc30519365841b27556ccc1cb94c5b4413c384ff6d467442fddba66e2e325a",
                "sha256:6c395ffc130332cca744f081ed5efd5699038dcb7a5d30c3ff4bc6adb5b30a62",
                "sha256:6c529feb6c400984452494c52dd9fdf59185afeacca2afc5174a28ab37751a1b",
                "sha256:86c4da7285ddafe6888cb262da563570f28e4a31146b5164a7a6947b1222196b",
                "sha256:8944a8a55ac825b8e5ec29f341ecb7574697691ef416506885898d2f780fb4ca",
                "sha256:993935654c1311280e69665367d7e6ff694ac9e1609168cf51cae8c0307df0db",
                "sha256:99e5597a812b60058baa1457387dc79cca7d273b2a700dc98bfd20d43d60711d",
                "sha256:b6a7c8c8d19e154334f640954e43e57283e87bb4a2f6e23295db14eea8e9fc1d",
                "sha256:c81229ffe5b0a0d5b3b5d5e6d0431f182572de9e9a077e85dbae5757db0ab75c",
                "sha256:d63e193a2f932a786ae82068aa76d1d126fcdff8582094caff9e5e66c4dcc124",
                "sha256:e18fe1a610fb105273bb369f61c2b0bd9e66a3f0792e27e4cac44e42ace1968b"
            ],
            "version": "==1.2.0"
        },
        "sqlparse": {
            "hashes": [
                "sha256:0323c0ec29cd52bceabc1b4d9d579e311f3e4961b98d174201d5622a23b85e34",
                "sha256:69ca804846bb114d2ec380e4360a8a340db83f0ccf3afceeb1404df028f57268"
            ],
            "markers": "python_version >= '3.5'",
            "version": "==0.4.3"
        }
    }
}
